
Microsoft Visual Studio Solution File, Format Version 12.00
# Visual Studio Version 16
VisualStudioVersion = 16.0.28803.452
MinimumVisualStudioVersion = 10.0.40219.1
Project("{FAE04EC0-301F-11D3-BF4B-00C04F79EFBC}") = "DAL", "DAL\DAL.csproj", "{C6DE1F06-3748-49BD-BE47-15C3C4DCE586}"
EndProject
Project("{9A19103F-16F7-4668-BE54-9A1E7A4F7556}") = "BLL", "BLL\BLL.csproj", "{B4816354-4726-4A81-8FF2-D62C4A08C635}"
EndProject
Project("{FAE04EC0-301F-11D3-BF4B-00C04F79EFBC}") = "PL", "PL\PL.csproj", "{5E624DAB-F064-487B-85CE-A25B07675195}"
EndProject
Global
	GlobalSection(SolutionConfigurationPlatforms) = preSolution
		Debug|Any CPU = Debug|Any CPU
		Release|Any CPU = Release|Any CPU
	EndGlobalSection
	GlobalSection(ProjectConfigurationPlatforms) = postSolution
		{C6DE1F06-3748-49BD-BE47-15C3C4DCE586}.Debug|Any CPU.ActiveCfg = Debug|Any CPU
		{C6DE1F06-3748-49BD-BE47-15C3C4DCE586}.Debug|Any CPU.Build.0 = Debug|Any CPU
		{C6DE1F06-3748-49BD-BE47-15C3C4DCE586}.Release|Any CPU.ActiveCfg = Release|Any CPU
		{C6DE1F06-3748-49BD-BE47-15C3C4DCE586}.Release|Any CPU.Build.0 = Release|Any CPU
		{B4816354-4726-4A81-8FF2-D62C4A08C635}.Debug|Any CPU.ActiveCfg = Debug|Any CPU
		{B4816354-4726-4A81-8FF2-D62C4A08C635}.Debug|Any CPU.Build.0 = Debug|Any CPU
		{B4816354-4726-4A81-8FF2-D62C4A08C635}.Release|Any CPU.ActiveCfg = Release|Any CPU
		{B4816354-4726-4A81-8FF2-D62C4A08C635}.Release|Any CPU.Build.0 = Release|Any CPU
		{5E624DAB-F064-487B-85CE-A25B07675195}.Debug|Any CPU.ActiveCfg = Debug|Any CPU
		{5E624DAB-F064-487B-85CE-A25B07675195}.Debug|Any CPU.Build.0 = Debug|Any CPU
		{5E624DAB-F064-487B-85CE-A25B07675195}.Release|Any CPU.ActiveCfg = Release|Any CPU
		{5E624DAB-F064-487B-85CE-A25B07675195}.Release|Any CPU.Build.0 = Release|Any CPU
	EndGlobalSection
	GlobalSection(SolutionProperties) = preSolution
		HideSolutionNode = FALSE
	EndGlobalSection
	GlobalSection(ExtensibilityGlobals) = postSolution
		SolutionGuid = {A6991BB6-B259-4CA8-AB9D-6131F779B8CF}
	EndGlobalSection
EndGlobal
